
Microsoft Visual Studio Solution File, Format Version 12.00
# Visual Studio Version 17
VisualStudioVersion = 17.11.35312.102
MinimumVisualStudioVersion = 10.0.40219.1
Project("{F2A71F9B-5D33-465A-A702-920D77279786}") = "lab8", "lab8.fsproj", "{382FF09D-C418-496E-8FF9-C49B6AB86BFC}"
EndProject
Global
	GlobalSection(SolutionConfigurationPlatforms) = preSolution
		Debug|Any CPU = Debug|Any CPU
		Release|Any CPU = Release|Any CPU
	EndGlobalSection
	GlobalSection(ProjectConfigurationPlatforms) = postSolution
		{382FF09D-C418-496E-8FF9-C49B6AB86BFC}.Debug|Any CPU.ActiveCfg = Debug|Any CPU
		{382FF09D-C418-496E-8FF9-C49B6AB86BFC}.Debug|Any CPU.Build.0 = Debug|Any CPU
		{382FF09D-C418-496E-8FF9-C49B6AB86BFC}.Release|Any CPU.ActiveCfg = Release|Any CPU
		{382FF09D-C418-496E-8FF9-C49B6AB86BFC}.Release|Any CPU.Build.0 = Release|Any CPU
	EndGlobalSection
	GlobalSection(SolutionProperties) = preSolution
		HideSolutionNode = FALSE
	EndGlobalSection
	GlobalSection(ExtensibilityGlobals) = postSolution
		SolutionGuid = {068FC701-852D-439B-9CC6-D7930600D54D}
	EndGlobalSection
EndGlobal
