
Microsoft Visual Studio Solution File, Format Version 12.00
# Visual Studio Version 17
VisualStudioVersion = 17.11.35312.102
MinimumVisualStudioVersion = 10.0.40219.1
Project("{F2A71F9B-5D33-465A-A702-920D77279786}") = "lab4", "lab4\lab4.fsproj", "{52B7332A-0F89-4FBF-B41E-2CF771004B3D}"
EndProject
Global
	GlobalSection(SolutionConfigurationPlatforms) = preSolution
		Debug|Any CPU = Debug|Any CPU
		Release|Any CPU = Release|Any CPU
	EndGlobalSection
	GlobalSection(ProjectConfigurationPlatforms) = postSolution
		{52B7332A-0F89-4FBF-B41E-2CF771004B3D}.Debug|Any CPU.ActiveCfg = Debug|Any CPU
		{52B7332A-0F89-4FBF-B41E-2CF771004B3D}.Debug|Any CPU.Build.0 = Debug|Any CPU
		{52B7332A-0F89-4FBF-B41E-2CF771004B3D}.Release|Any CPU.ActiveCfg = Release|Any CPU
		{52B7332A-0F89-4FBF-B41E-2CF771004B3D}.Release|Any CPU.Build.0 = Release|Any CPU
	EndGlobalSection
	GlobalSection(SolutionProperties) = preSolution
		HideSolutionNode = FALSE
	EndGlobalSection
	GlobalSection(ExtensibilityGlobals) = postSolution
		SolutionGuid = {055AD0E9-1332-4331-B920-68DC65946B71}
	EndGlobalSection
EndGlobal
