
Microsoft Visual Studio Solution File, Format Version 12.00
# Visual Studio Version 17
VisualStudioVersion = 17.5.33530.505
MinimumVisualStudioVersion = 10.0.40219.1
Project("{F2A71F9B-5D33-465A-A702-920D77279786}") = "lab5", "lab5.fsproj", "{C1CC9DCA-4D1A-45F2-9256-57137C5F88BD}"
EndProject
Global
	GlobalSection(SolutionConfigurationPlatforms) = preSolution
		Debug|Any CPU = Debug|Any CPU
		Release|Any CPU = Release|Any CPU
	EndGlobalSection
	GlobalSection(ProjectConfigurationPlatforms) = postSolution
		{C1CC9DCA-4D1A-45F2-9256-57137C5F88BD}.Debug|Any CPU.ActiveCfg = Debug|Any CPU
		{C1CC9DCA-4D1A-45F2-9256-57137C5F88BD}.Debug|Any CPU.Build.0 = Debug|Any CPU
		{C1CC9DCA-4D1A-45F2-9256-57137C5F88BD}.Release|Any CPU.ActiveCfg = Release|Any CPU
		{C1CC9DCA-4D1A-45F2-9256-57137C5F88BD}.Release|Any CPU.Build.0 = Release|Any CPU
	EndGlobalSection
	GlobalSection(SolutionProperties) = preSolution
		HideSolutionNode = FALSE
	EndGlobalSection
	GlobalSection(ExtensibilityGlobals) = postSolution
		SolutionGuid = {DCB6259A-906D-41DF-9020-67E69DD0B2F4}
	EndGlobalSection
EndGlobal
