
Microsoft Visual Studio Solution File, Format Version 12.00
# Visual Studio Version 17
VisualStudioVersion = 17.5.33530.505
MinimumVisualStudioVersion = 10.0.40219.1
Project("{F2A71F9B-5D33-465A-A702-920D77279786}") = "lab6", "lab6.fsproj", "{492B66EB-BF05-4E39-8BBB-BBD8C935E210}"
EndProject
Global
	GlobalSection(SolutionConfigurationPlatforms) = preSolution
		Debug|Any CPU = Debug|Any CPU
		Release|Any CPU = Release|Any CPU
	EndGlobalSection
	GlobalSection(ProjectConfigurationPlatforms) = postSolution
		{492B66EB-BF05-4E39-8BBB-BBD8C935E210}.Debug|Any CPU.ActiveCfg = Debug|Any CPU
		{492B66EB-BF05-4E39-8BBB-BBD8C935E210}.Debug|Any CPU.Build.0 = Debug|Any CPU
		{492B66EB-BF05-4E39-8BBB-BBD8C935E210}.Release|Any CPU.ActiveCfg = Release|Any CPU
		{492B66EB-BF05-4E39-8BBB-BBD8C935E210}.Release|Any CPU.Build.0 = Release|Any CPU
	EndGlobalSection
	GlobalSection(SolutionProperties) = preSolution
		HideSolutionNode = FALSE
	EndGlobalSection
	GlobalSection(ExtensibilityGlobals) = postSolution
		SolutionGuid = {48773196-6D9F-4786-8478-523769F0A343}
	EndGlobalSection
EndGlobal
