
Microsoft Visual Studio Solution File, Format Version 12.00
# Visual Studio Version 17
VisualStudioVersion = 17.5.33530.505
MinimumVisualStudioVersion = 10.0.40219.1
Project("{F2A71F9B-5D33-465A-A702-920D77279786}") = "lab7", "lab7.fsproj", "{5D24B7BB-B981-471D-8215-646BC4312823}"
EndProject
Global
	GlobalSection(SolutionConfigurationPlatforms) = preSolution
		Debug|Any CPU = Debug|Any CPU
		Release|Any CPU = Release|Any CPU
	EndGlobalSection
	GlobalSection(ProjectConfigurationPlatforms) = postSolution
		{5D24B7BB-B981-471D-8215-646BC4312823}.Debug|Any CPU.ActiveCfg = Debug|Any CPU
		{5D24B7BB-B981-471D-8215-646BC4312823}.Debug|Any CPU.Build.0 = Debug|Any CPU
		{5D24B7BB-B981-471D-8215-646BC4312823}.Release|Any CPU.ActiveCfg = Release|Any CPU
		{5D24B7BB-B981-471D-8215-646BC4312823}.Release|Any CPU.Build.0 = Release|Any CPU
	EndGlobalSection
	GlobalSection(SolutionProperties) = preSolution
		HideSolutionNode = FALSE
	EndGlobalSection
	GlobalSection(ExtensibilityGlobals) = postSolution
		SolutionGuid = {5F546172-7631-4F63-AB22-70BB0F75BF47}
	EndGlobalSection
EndGlobal
